
Microsoft Visual Studio Solution File, Format Version 12.00
# Visual Studio Version 17
VisualStudioVersion = 17.10.35013.160
MinimumVisualStudioVersion = 10.0.40219.1
Project("{FAE04EC0-301F-11D3-BF4B-00C04F79EFBC}") = "Server", "Server\Server.csproj", "{E37E984F-4C85-410D-B3BE-5E84725C339B}"
EndProject
Project("{FAE04EC0-301F-11D3-BF4B-00C04F79EFBC}") = "Client", "Client\Client.csproj", "{1565B46B-EE95-4733-8D2A-23AEFB95AE59}"
EndProject
Project("{FAE04EC0-301F-11D3-BF4B-00C04F79EFBC}") = "Common", "Common\Common.csproj", "{C5886BF9-8145-4EEC-8267-9F68FF25BB86}"
EndProject
Global
	GlobalSection(SolutionConfigurationPlatforms) = preSolution
		Debug|Any CPU = Debug|Any CPU
		Release|Any CPU = Release|Any CPU
	EndGlobalSection
	GlobalSection(ProjectConfigurationPlatforms) = postSolution
		{E37E984F-4C85-410D-B3BE-5E84725C339B}.Debug|Any CPU.ActiveCfg = Debug|Any CPU
		{E37E984F-4C85-410D-B3BE-5E84725C339B}.Debug|Any CPU.Build.0 = Debug|Any CPU
		{E37E984F-4C85-410D-B3BE-5E84725C339B}.Release|Any CPU.ActiveCfg = Release|Any CPU
		{E37E984F-4C85-410D-B3BE-5E84725C339B}.Release|Any CPU.Build.0 = Release|Any CPU
		{1565B46B-EE95-4733-8D2A-23AEFB95AE59}.Debug|Any CPU.ActiveCfg = Debug|Any CPU
		{1565B46B-EE95-4733-8D2A-23AEFB95AE59}.Debug|Any CPU.Build.0 = Debug|Any CPU
		{1565B46B-EE95-4733-8D2A-23AEFB95AE59}.Release|Any CPU.ActiveCfg = Release|Any CPU
		{1565B46B-EE95-4733-8D2A-23AEFB95AE59}.Release|Any CPU.Build.0 = Release|Any CPU
		{C5886BF9-8145-4EEC-8267-9F68FF25BB86}.Debug|Any CPU.ActiveCfg = Debug|Any CPU
		{C5886BF9-8145-4EEC-8267-9F68FF25BB86}.Debug|Any CPU.Build.0 = Debug|Any CPU
		{C5886BF9-8145-4EEC-8267-9F68FF25BB86}.Release|Any CPU.ActiveCfg = Release|Any CPU
		{C5886BF9-8145-4EEC-8267-9F68FF25BB86}.Release|Any CPU.Build.0 = Release|Any CPU
	EndGlobalSection
	GlobalSection(SolutionProperties) = preSolution
		HideSolutionNode = FALSE
	EndGlobalSection
	GlobalSection(ExtensibilityGlobals) = postSolution
		SolutionGuid = {A4CF4915-6BCF-40E6-AD28-7A768B5E24A2}
	EndGlobalSection
EndGlobal
